github.com/konifar/go-srt v1.0.0 h1:SX1pVHv0F17KbmXaGfrIJzuANT/MEcSAZbMTdXoi6kk=
github.com/konifar/go-srt v1.0.0/go.mod h1:VS6NAzqdd2ODu4IMKj+clMzM4tJjHFIXa2RW6UbWgMw=
github.com/pkg/errors v0.9.1 h1:FEBLx1zS214owpjy7qsBeixbURkuhQAwrK5UwLGTwt4=
github.com/pkg/errors v0.9.1/go.mod h1:bwawxfHBFNV+L2hUp1rHADufV3IMtnDRdf1r5NINEl0=
